
Microsoft Visual Studio Solution File, Format Version 12.00
# Visual Studio Version 17
VisualStudioVersion = 17.13.35806.99 d17.13
MinimumVisualStudioVersion = 10.0.40219.1
Project("{FAE04EC0-301F-11D3-BF4B-00C04F79EFBC}") = "Libreria", "Libreria.csproj", "{DB0F7096-ED79-4C4D-A16D-ECB8AB6E94BF}"
EndProject
Global
	GlobalSection(SolutionConfigurationPlatforms) = preSolution
		Debug|Any CPU = Debug|Any CPU
		Release|Any CPU = Release|Any CPU
	EndGlobalSection
	GlobalSection(ProjectConfigurationPlatforms) = postSolution
		{DB0F7096-ED79-4C4D-A16D-ECB8AB6E94BF}.Debug|Any CPU.ActiveCfg = Debug|Any CPU
		{DB0F7096-ED79-4C4D-A16D-ECB8AB6E94BF}.Debug|Any CPU.Build.0 = Debug|Any CPU
		{DB0F7096-ED79-4C4D-A16D-ECB8AB6E94BF}.Release|Any CPU.ActiveCfg = Release|Any CPU
		{DB0F7096-ED79-4C4D-A16D-ECB8AB6E94BF}.Release|Any CPU.Build.0 = Release|Any CPU
	EndGlobalSection
	GlobalSection(SolutionProperties) = preSolution
		HideSolutionNode = FALSE
	EndGlobalSection
	GlobalSection(ExtensibilityGlobals) = postSolution
		SolutionGuid = {5B247D1E-B287-4AC3-8AF2-D27AC0AD90EF}
	EndGlobalSection
EndGlobal
